# This file was autogenerated by uv via the following command:
#    uv pip compile pyproject.toml --all-extras -o requirements-dev.lock
alembic==1.18.4
    # via social-attention-monitor (pyproject.toml)
altair==6.0.0
    # via
    #   social-attention-monitor (pyproject.toml)
    #   streamlit
annotated-doc==0.0.4
    # via
    #   fastapi
    #   typer
annotated-types==0.7.0
    # via pydantic
anyio==4.12.1
    # via
    #   httpx
    #   starlette
    #   watchfiles
apscheduler==3.11.2
    # via social-attention-monitor (pyproject.toml)
arrow==1.4.0
    # via social-attention-monitor (pyproject.toml)
asyncpg==0.31.0
    # via social-attention-monitor (pyproject.toml)
atproto==0.0.65
    # via social-attention-monitor (pyproject.toml)
attrs==25.4.0
    # via
    #   jsonschema
    #   referencing
beautifulsoup4==4.14.3
    # via deep-translator
blinker==1.9.0
    # via streamlit
boolean-py==5.0
    # via license-expression
cachecontrol==0.14.4
    # via pip-audit
cachetools==6.2.6
    # via streamlit
certifi==2026.1.4
    # via
    #   httpcore
    #   httpx
    #   requests
cffi==2.0.0
    # via cryptography
cfgv==3.5.0
    # via pre-commit
charset-normalizer==3.4.4
    # via requests
click==8.3.1
    # via
    #   atproto
    #   nltk
    #   streamlit
    #   typer
    #   uvicorn
    #   yake
contourpy==1.3.3
    # via matplotlib
coverage==7.13.4
    # via pytest-cov
cryptography==46.0.5
    # via
    #   atproto
    #   google-auth
cycler==0.12.1
    # via matplotlib
cyclonedx-python-lib==11.6.0
    # via pip-audit
deep-translator==1.11.4
    # via social-attention-monitor (pyproject.toml)
defusedxml==0.7.1
    # via py-serializable
distlib==0.4.0
    # via virtualenv
dnspython==2.8.0
    # via atproto
factory-boy==3.3.3
    # via social-attention-monitor (pyproject.toml)
faker==40.4.0
    # via factory-boy
fastapi==0.129.0
    # via social-attention-monitor (pyproject.toml)
filelock==3.24.2
    # via
    #   cachecontrol
    #   huggingface-hub
    #   torch
    #   virtualenv
fonttools==4.61.1
    # via matplotlib
fsspec==2026.2.0
    # via
    #   huggingface-hub
    #   torch
gitdb==4.0.12
    # via gitpython
gitpython==3.1.46
    # via streamlit
google-api-core==2.29.0
    # via google-api-python-client
google-api-python-client==2.190.0
    # via social-attention-monitor (pyproject.toml)
google-auth==2.48.0
    # via
    #   google-api-core
    #   google-api-python-client
    #   google-auth-httplib2
google-auth-httplib2==0.3.0
    # via google-api-python-client
googleapis-common-protos==1.72.0
    # via google-api-core
greenlet==3.3.1
    # via sqlalchemy
h11==0.16.0
    # via
    #   httpcore
    #   uvicorn
hf-xet==1.2.0
    # via huggingface-hub
httpcore==1.0.9
    # via httpx
httplib2==0.31.2
    # via
    #   google-api-python-client
    #   google-auth-httplib2
httptools==0.7.1
    # via uvicorn
httpx==0.28.1
    # via
    #   social-attention-monitor (pyproject.toml)
    #   atproto
    #   huggingface-hub
    #   respx
huggingface-hub==1.4.1
    # via
    #   tokenizers
    #   transformers
identify==2.6.16
    # via pre-commit
idna==3.11
    # via
    #   anyio
    #   httpx
    #   requests
iniconfig==2.3.0
    # via pytest
jellyfish==1.2.1
    # via yake
jinja2==3.1.6
    # via
    #   altair
    #   pydeck
    #   torch
joblib==1.5.3
    # via nltk
jsonschema==4.26.0
    # via altair
jsonschema-specifications==2025.9.1
    # via jsonschema
kiwisolver==1.4.9
    # via matplotlib
langdetect==1.0.9
    # via social-attention-monitor (pyproject.toml)
libipld==3.3.2
    # via atproto
librt==0.8.0
    # via mypy
license-expression==30.4.4
    # via cyclonedx-python-lib
loguru==0.7.3
    # via social-attention-monitor (pyproject.toml)
mako==1.3.10
    # via alembic
markdown-it-py==4.0.0
    # via rich
markupsafe==3.0.3
    # via
    #   jinja2
    #   mako
matplotlib==3.10.8
    # via wordcloud
mdurl==0.1.2
    # via markdown-it-py
mpmath==1.3.0
    # via sympy
msgpack==1.1.2
    # via cachecontrol
mypy==1.19.1
    # via social-attention-monitor (pyproject.toml)
mypy-extensions==1.1.0
    # via mypy
narwhals==2.16.0
    # via
    #   altair
    #   plotly
networkx==3.6.1
    # via
    #   torch
    #   yake
nltk==3.9.2
    # via social-attention-monitor (pyproject.toml)
nodeenv==1.10.0
    # via pre-commit
numpy==2.4.2
    # via
    #   social-attention-monitor (pyproject.toml)
    #   contourpy
    #   matplotlib
    #   pandas
    #   pydeck
    #   scipy
    #   streamlit
    #   transformers
    #   wordcloud
    #   yake
packageurl-python==0.17.6
    # via cyclonedx-python-lib
packaging==26.0
    # via
    #   altair
    #   huggingface-hub
    #   matplotlib
    #   pip-audit
    #   pip-requirements-parser
    #   plotly
    #   pytest
    #   streamlit
    #   transformers
pandas==2.3.3
    # via
    #   social-attention-monitor (pyproject.toml)
    #   streamlit
pathspec==1.0.4
    # via mypy
pillow==12.1.1
    # via
    #   matplotlib
    #   streamlit
    #   wordcloud
pip==26.0.1
    # via pip-api
pip-api==0.0.34
    # via pip-audit
pip-audit==2.10.0
    # via social-attention-monitor (pyproject.toml)
pip-requirements-parser==32.0.1
    # via pip-audit
platformdirs==4.9.2
    # via
    #   pip-audit
    #   virtualenv
plotly==6.5.2
    # via social-attention-monitor (pyproject.toml)
pluggy==1.6.0
    # via
    #   pytest
    #   pytest-cov
praw==7.8.1
    # via social-attention-monitor (pyproject.toml)
prawcore==2.4.0
    # via praw
pre-commit==4.5.1
    # via social-attention-monitor (pyproject.toml)
proto-plus==1.27.1
    # via google-api-core
protobuf==6.33.5
    # via
    #   google-api-core
    #   googleapis-common-protos
    #   proto-plus
    #   streamlit
psycopg2-binary==2.9.11
    # via social-attention-monitor (pyproject.toml)
py-serializable==2.1.0
    # via cyclonedx-python-lib
pyarrow==23.0.1
    # via streamlit
pyasn1==0.6.2
    # via
    #   pyasn1-modules
    #   rsa
pyasn1-modules==0.4.2
    # via google-auth
pycparser==3.0
    # via cffi
pydantic==2.12.5
    # via
    #   social-attention-monitor (pyproject.toml)
    #   atproto
    #   fastapi
    #   pydantic-settings
pydantic-core==2.41.5
    # via pydantic
pydantic-settings==2.13.0
    # via social-attention-monitor (pyproject.toml)
pydeck==0.9.1
    # via streamlit
pygments==2.19.2
    # via
    #   pytest
    #   rich
pyparsing==3.3.2
    # via
    #   httplib2
    #   matplotlib
    #   pip-requirements-parser
pytest==9.0.2
    # via
    #   social-attention-monitor (pyproject.toml)
    #   pytest-asyncio
    #   pytest-cov
pytest-asyncio==1.3.0
    # via social-attention-monitor (pyproject.toml)
pytest-cov==7.0.0
    # via social-attention-monitor (pyproject.toml)
python-dateutil==2.9.0.post0
    # via
    #   arrow
    #   matplotlib
    #   pandas
python-dotenv==1.2.1
    # via
    #   social-attention-monitor (pyproject.toml)
    #   pydantic-settings
    #   uvicorn
pytz==2025.2
    # via pandas
pyyaml==6.0.3
    # via
    #   huggingface-hub
    #   pre-commit
    #   transformers
    #   uvicorn
rapidfuzz==3.14.3
    # via social-attention-monitor (pyproject.toml)
redis==7.2.0
    # via social-attention-monitor (pyproject.toml)
referencing==0.37.0
    # via
    #   jsonschema
    #   jsonschema-specifications
regex==2026.1.15
    # via
    #   nltk
    #   segtok
    #   transformers
requests==2.32.5
    # via
    #   cachecontrol
    #   deep-translator
    #   google-api-core
    #   pip-audit
    #   prawcore
    #   streamlit
    #   update-checker
    #   vadersentiment
respx==0.22.0
    # via social-attention-monitor (pyproject.toml)
rich==14.3.2
    # via
    #   pip-audit
    #   typer
rpds-py==0.30.0
    # via
    #   jsonschema
    #   referencing
rsa==4.9.1
    # via google-auth
ruff==0.15.1
    # via social-attention-monitor (pyproject.toml)
safetensors==0.7.0
    # via transformers
scipy==1.17.0
    # via social-attention-monitor (pyproject.toml)
segtok==1.5.11
    # via yake
setuptools==82.0.0
    # via torch
shellingham==1.5.4
    # via
    #   huggingface-hub
    #   typer
six==1.17.0
    # via
    #   langdetect
    #   python-dateutil
smmap==5.0.2
    # via gitdb
sortedcontainers==2.4.0
    # via cyclonedx-python-lib
soupsieve==2.8.3
    # via beautifulsoup4
sqlalchemy==2.0.46
    # via
    #   social-attention-monitor (pyproject.toml)
    #   alembic
starlette==0.52.1
    # via fastapi
streamlit==1.54.0
    # via
    #   social-attention-monitor (pyproject.toml)
    #   streamlit-autorefresh
streamlit-autorefresh==1.0.1
    # via social-attention-monitor (pyproject.toml)
sympy==1.14.0
    # via torch
tabulate==0.9.0
    # via yake
tenacity==9.1.4
    # via
    #   social-attention-monitor (pyproject.toml)
    #   streamlit
tokenizers==0.22.2
    # via transformers
toml==0.10.2
    # via streamlit
tomli==2.4.0
    # via pip-audit
tomli-w==1.2.0
    # via pip-audit
torch==2.10.0
    # via social-attention-monitor (pyproject.toml)
tornado==6.5.4
    # via streamlit
tqdm==4.67.3
    # via
    #   huggingface-hub
    #   nltk
    #   transformers
transformers==5.2.0
    # via social-attention-monitor (pyproject.toml)
typer==0.24.0
    # via typer-slim
typer-slim==0.24.0
    # via
    #   huggingface-hub
    #   transformers
typing-extensions==4.15.0
    # via
    #   alembic
    #   altair
    #   anyio
    #   atproto
    #   beautifulsoup4
    #   cyclonedx-python-lib
    #   fastapi
    #   huggingface-hub
    #   mypy
    #   pydantic
    #   pydantic-core
    #   pytest-asyncio
    #   referencing
    #   sqlalchemy
    #   starlette
    #   streamlit
    #   torch
    #   typing-inspection
typing-inspection==0.4.2
    # via
    #   fastapi
    #   pydantic
    #   pydantic-settings
tzdata==2025.3
    # via
    #   arrow
    #   pandas
tzlocal==5.3.1
    # via apscheduler
update-checker==0.18.0
    # via praw
uritemplate==4.2.0
    # via google-api-python-client
urllib3==2.6.3
    # via requests
uv==0.10.3
    # via social-attention-monitor (pyproject.toml)
uvicorn==0.41.0
    # via social-attention-monitor (pyproject.toml)
uvloop==0.22.1
    # via uvicorn
vadersentiment==3.3.2
    # via social-attention-monitor (pyproject.toml)
virtualenv==20.38.0
    # via pre-commit
watchfiles==1.1.1
    # via uvicorn
websocket-client==1.9.0
    # via praw
websockets==15.0.1
    # via
    #   atproto
    #   uvicorn
wordcloud==1.9.6
    # via social-attention-monitor (pyproject.toml)
yake==0.7.3
    # via social-attention-monitor (pyproject.toml)
